
Microsoft Visual Studio Solution File, Format Version 12.00
# Visual Studio Version 17
VisualStudioVersion = 17.8.34408.163
MinimumVisualStudioVersion = 10.0.40219.1
Project("{FAE04EC0-301F-11D3-BF4B-00C04F79EFBC}") = "BankAccount", "BankAccount\BankAccount.csproj", "{7F450C9A-0692-4284-8B34-B0F9C1D83502}"
EndProject
Global
	GlobalSection(SolutionConfigurationPlatforms) = preSolution
		Debug|Any CPU = Debug|Any CPU
		Release|Any CPU = Release|Any CPU
	EndGlobalSection
	GlobalSection(ProjectConfigurationPlatforms) = postSolution
		{7F450C9A-0692-4284-8B34-B0F9C1D83502}.Debug|Any CPU.ActiveCfg = Debug|Any CPU
		{7F450C9A-0692-4284-8B34-B0F9C1D83502}.Debug|Any CPU.Build.0 = Debug|Any CPU
		{7F450C9A-0692-4284-8B34-B0F9C1D83502}.Release|Any CPU.ActiveCfg = Release|Any CPU
		{7F450C9A-0692-4284-8B34-B0F9C1D83502}.Release|Any CPU.Build.0 = Release|Any CPU
	EndGlobalSection
	GlobalSection(SolutionProperties) = preSolution
		HideSolutionNode = FALSE
	EndGlobalSection
	GlobalSection(ExtensibilityGlobals) = postSolution
		SolutionGuid = {FF3F905C-57ED-4DEC-9CCD-F2F237342282}
	EndGlobalSection
EndGlobal
